
Microsoft Visual Studio Solution File, Format Version 12.00
# Visual Studio Version 16
VisualStudioVersion = 16.0.30907.101
MinimumVisualStudioVersion = 10.0.40219.1
Project("{9A19103F-16F7-4668-BE54-9A1E7A4F7556}") = "Business", "Business\Business.csproj", "{7AD58FB3-8F08-4F3A-AD83-F810C066241A}"
EndProject
Project("{9A19103F-16F7-4668-BE54-9A1E7A4F7556}") = "DataAccess", "DataAccess\DataAccess.csproj", "{A36325C0-6EA3-451C-BD25-A40100D074C5}"
EndProject
Project("{9A19103F-16F7-4668-BE54-9A1E7A4F7556}") = "Entities", "Entities\Entities.csproj", "{003F105B-63E9-4EAB-9D74-5BAFB5FD4357}"
EndProject
Project("{9A19103F-16F7-4668-BE54-9A1E7A4F7556}") = "ConsoleUI", "ConsoleUI\ConsoleUI.csproj", "{A9808967-69D3-44CD-819F-60ED8410F756}"
EndProject
Project("{9A19103F-16F7-4668-BE54-9A1E7A4F7556}") = "Core", "Core\Core.csproj", "{A8645915-C259-4A9E-95AD-3D512B56543B}"
EndProject
Project("{FAE04EC0-301F-11D3-BF4B-00C04F79EFBC}") = "WebAPI", "WebAPI\WebAPI.csproj", "{C195C17F-959B-47D1-94D0-80DD6C8CC058}"
EndProject
Global
	GlobalSection(SolutionConfigurationPlatforms) = preSolution
		Debug|Any CPU = Debug|Any CPU
		Release|Any CPU = Release|Any CPU
	EndGlobalSection
	GlobalSection(ProjectConfigurationPlatforms) = postSolution
		{7AD58FB3-8F08-4F3A-AD83-F810C066241A}.Debug|Any CPU.ActiveCfg = Debug|Any CPU
		{7AD58FB3-8F08-4F3A-AD83-F810C066241A}.Debug|Any CPU.Build.0 = Debug|Any CPU
		{7AD58FB3-8F08-4F3A-AD83-F810C066241A}.Release|Any CPU.ActiveCfg = Release|Any CPU
		{7AD58FB3-8F08-4F3A-AD83-F810C066241A}.Release|Any CPU.Build.0 = Release|Any CPU
		{A36325C0-6EA3-451C-BD25-A40100D074C5}.Debug|Any CPU.ActiveCfg = Debug|Any CPU
		{A36325C0-6EA3-451C-BD25-A40100D074C5}.Debug|Any CPU.Build.0 = Debug|Any CPU
		{A36325C0-6EA3-451C-BD25-A40100D074C5}.Release|Any CPU.ActiveCfg = Release|Any CPU
		{A36325C0-6EA3-451C-BD25-A40100D074C5}.Release|Any CPU.Build.0 = Release|Any CPU
		{003F105B-63E9-4EAB-9D74-5BAFB5FD4357}.Debug|Any CPU.ActiveCfg = Debug|Any CPU
		{003F105B-63E9-4EAB-9D74-5BAFB5FD4357}.Debug|Any CPU.Build.0 = Debug|Any CPU
		{003F105B-63E9-4EAB-9D74-5BAFB5FD4357}.Release|Any CPU.ActiveCfg = Release|Any CPU
		{003F105B-63E9-4EAB-9D74-5BAFB5FD4357}.Release|Any CPU.Build.0 = Release|Any CPU
		{A9808967-69D3-44CD-819F-60ED8410F756}.Debug|Any CPU.ActiveCfg = Debug|Any CPU
		{A9808967-69D3-44CD-819F-60ED8410F756}.Debug|Any CPU.Build.0 = Debug|Any CPU
		{A9808967-69D3-44CD-819F-60ED8410F756}.Release|Any CPU.ActiveCfg = Release|Any CPU
		{A9808967-69D3-44CD-819F-60ED8410F756}.Release|Any CPU.Build.0 = Release|Any CPU
		{A8645915-C259-4A9E-95AD-3D512B56543B}.Debug|Any CPU.ActiveCfg = Debug|Any CPU
		{A8645915-C259-4A9E-95AD-3D512B56543B}.Debug|Any CPU.Build.0 = Debug|Any CPU
		{A8645915-C259-4A9E-95AD-3D512B56543B}.Release|Any CPU.ActiveCfg = Release|Any CPU
		{A8645915-C259-4A9E-95AD-3D512B56543B}.Release|Any CPU.Build.0 = Release|Any CPU
		{C195C17F-959B-47D1-94D0-80DD6C8CC058}.Debug|Any CPU.ActiveCfg = Debug|Any CPU
		{C195C17F-959B-47D1-94D0-80DD6C8CC058}.Debug|Any CPU.Build.0 = Debug|Any CPU
		{C195C17F-959B-47D1-94D0-80DD6C8CC058}.Release|Any CPU.ActiveCfg = Release|Any CPU
		{C195C17F-959B-47D1-94D0-80DD6C8CC058}.Release|Any CPU.Build.0 = Release|Any CPU
	EndGlobalSection
	GlobalSection(SolutionProperties) = preSolution
		HideSolutionNode = FALSE
	EndGlobalSection
	GlobalSection(ExtensibilityGlobals) = postSolution
		SolutionGuid = {8CA55BEB-4F6C-4785-8662-65F4332FB013}
	EndGlobalSection
EndGlobal
